
Microsoft Visual Studio Solution File, Format Version 12.00
# Visual Studio Version 16
VisualStudioVersion = 16.0.29025.244
MinimumVisualStudioVersion = 10.0.40219.1
Project("{FAE04EC0-301F-11D3-BF4B-00C04F79EFBC}") = "renieldavid.activity3", "renieldavid.activity3.csproj", "{76AD92E3-1959-4C80-A207-14B5D5E3A698}"
EndProject
Global
	GlobalSection(SolutionConfigurationPlatforms) = preSolution
		Debug|Any CPU = Debug|Any CPU
		Release|Any CPU = Release|Any CPU
	EndGlobalSection
	GlobalSection(ProjectConfigurationPlatforms) = postSolution
		{76AD92E3-1959-4C80-A207-14B5D5E3A698}.Debug|Any CPU.ActiveCfg = Debug|Any CPU
		{76AD92E3-1959-4C80-A207-14B5D5E3A698}.Debug|Any CPU.Build.0 = Debug|Any CPU
		{76AD92E3-1959-4C80-A207-14B5D5E3A698}.Release|Any CPU.ActiveCfg = Release|Any CPU
		{76AD92E3-1959-4C80-A207-14B5D5E3A698}.Release|Any CPU.Build.0 = Release|Any CPU
	EndGlobalSection
	GlobalSection(SolutionProperties) = preSolution
		HideSolutionNode = FALSE
	EndGlobalSection
	GlobalSection(ExtensibilityGlobals) = postSolution
		SolutionGuid = {416CAC92-115F-41B4-8682-E52E413E22C0}
	EndGlobalSection
EndGlobal
